
Microsoft Visual Studio Solution File, Format Version 12.00
# Visual Studio Version 16
VisualStudioVersion = 16.0.31025.194
MinimumVisualStudioVersion = 10.0.40219.1
Project("{9A19103F-16F7-4668-BE54-9A1E7A4F7556}") = "Api", "Api\Api.csproj", "{F514842A-F19D-4CE9-923E-D92EC0F767FC}"
EndProject
Project("{9A19103F-16F7-4668-BE54-9A1E7A4F7556}") = "Domain", "Domain\Domain.csproj", "{9BCDE9D3-F485-475C-881B-74977A60AA13}"
EndProject
Project("{9A19103F-16F7-4668-BE54-9A1E7A4F7556}") = "Infrastructure", "Infrastructure\Infrastructure.csproj", "{A0AB0EA0-11CA-4CCE-8BA7-ACE34050C144}"
EndProject
Project("{FAE04EC0-301F-11D3-BF4B-00C04F79EFBC}") = "DTO", "DTO\DTO.csproj", "{91D71063-616D-4A46-9190-7624186712B1}"
EndProject
Global
	GlobalSection(SolutionConfigurationPlatforms) = preSolution
		Debug|Any CPU = Debug|Any CPU
		Release|Any CPU = Release|Any CPU
	EndGlobalSection
	GlobalSection(ProjectConfigurationPlatforms) = postSolution
		{F514842A-F19D-4CE9-923E-D92EC0F767FC}.Debug|Any CPU.ActiveCfg = Debug|Any CPU
		{F514842A-F19D-4CE9-923E-D92EC0F767FC}.Debug|Any CPU.Build.0 = Debug|Any CPU
		{F514842A-F19D-4CE9-923E-D92EC0F767FC}.Release|Any CPU.ActiveCfg = Release|Any CPU
		{F514842A-F19D-4CE9-923E-D92EC0F767FC}.Release|Any CPU.Build.0 = Release|Any CPU
		{9BCDE9D3-F485-475C-881B-74977A60AA13}.Debug|Any CPU.ActiveCfg = Debug|Any CPU
		{9BCDE9D3-F485-475C-881B-74977A60AA13}.Debug|Any CPU.Build.0 = Debug|Any CPU
		{9BCDE9D3-F485-475C-881B-74977A60AA13}.Release|Any CPU.ActiveCfg = Release|Any CPU
		{9BCDE9D3-F485-475C-881B-74977A60AA13}.Release|Any CPU.Build.0 = Release|Any CPU
		{A0AB0EA0-11CA-4CCE-8BA7-ACE34050C144}.Debug|Any CPU.ActiveCfg = Debug|Any CPU
		{A0AB0EA0-11CA-4CCE-8BA7-ACE34050C144}.Debug|Any CPU.Build.0 = Debug|Any CPU
		{A0AB0EA0-11CA-4CCE-8BA7-ACE34050C144}.Release|Any CPU.ActiveCfg = Release|Any CPU
		{A0AB0EA0-11CA-4CCE-8BA7-ACE34050C144}.Release|Any CPU.Build.0 = Release|Any CPU
		{91D71063-616D-4A46-9190-7624186712B1}.Debug|Any CPU.ActiveCfg = Debug|Any CPU
		{91D71063-616D-4A46-9190-7624186712B1}.Debug|Any CPU.Build.0 = Debug|Any CPU
		{91D71063-616D-4A46-9190-7624186712B1}.Release|Any CPU.ActiveCfg = Release|Any CPU
		{91D71063-616D-4A46-9190-7624186712B1}.Release|Any CPU.Build.0 = Release|Any CPU
	EndGlobalSection
	GlobalSection(SolutionProperties) = preSolution
		HideSolutionNode = FALSE
	EndGlobalSection
	GlobalSection(ExtensibilityGlobals) = postSolution
		SolutionGuid = {9C1700A8-4ECA-4DBE-8571-2691E6E50DA8}
	EndGlobalSection
EndGlobal
